// !$*UTF8*$!
{
	archiveVersion = 1;
	classes = {
	};
	objectVersion = 48;
	objects = {

/* Begin PBXBuildFile section */
		92434C6A1F20AA4100B084CE /* AppDelegate.m in Sources */ = {isa = PBXBuildFile; fileRef = 92434C691F20AA4100B084CE /* AppDelegate.m */; };
		92434C6D1F20AA4100B084CE /* ViewController.m in Sources */ = {isa = PBXBuildFile; fileRef = 92434C6C1F20AA4100B084CE /* ViewController.m */; };
		92434C701F20AA4100B084CE /* Main.storyboard in Resources */ = {isa = PBXBuildFile; fileRef = 92434C6E1F20AA4100B084CE /* Main.storyboard */; };
		92434C721F20AA4100B084CE /* Assets.xcassets in Resources */ = {isa = PBXBuildFile; fileRef = 92434C711F20AA4100B084CE /* Assets.xcassets */; };
		92434C751F20AA4100B084CE /* LaunchScreen.storyboard in Resources */ = {isa = PBXBuildFile; fileRef = 92434C731F20AA4100B084CE /* LaunchScreen.storyboard */; };
		92434C781F20AA4100B084CE /* main.m in Sources */ = {isa = PBXBuildFile; fileRef = 92434C771F20AA4100B084CE /* main.m */; };
		92434C8A1F20B6C300B084CE /* iAppUpdateManager.m in Sources */ = {isa = PBXBuildFile; fileRef = 92434C891F20B6C300B084CE /* iAppUpdateManager.m */; };
/* End PBXBuildFile section */

/* Begin PBXFileReference section */
		92434C651F20AA4100B084CE /* iAppUpdateManager.app */ = {isa = PBXFileReference; explicitFileType = wrapper.application; includeInIndex = 0; path = iAppUpdateManager.app; sourceTree = BUILT_PRODUCTS_DIR; };
		92434C681F20AA4100B084CE /* AppDelegate.h */ = {isa = PBXFileReference; lastKnownFileType = sourcecode.c.h; path = AppDelegate.h; sourceTree = "<group>"; };
		92434C691F20AA4100B084CE /* AppDelegate.m */ = {isa = PBXFileReference; lastKnownFileType = sourcecode.c.objc; path = AppDelegate.m; sourceTree = "<group>"; };
		92434C6B1F20AA4100B084CE /* ViewController.h */ = {isa = PBXFileReference; lastKnownFileType = sourcecode.c.h; path = ViewController.h; sourceTree = "<group>"; };
		92434C6C1F20AA4100B084CE /* ViewController.m */ = {isa = PBXFileReference; lastKnownFileType = sourcecode.c.objc; path = ViewController.m; sourceTree = "<group>"; };
		92434C6F1F20AA4100B084CE /* Base */ = {isa = PBXFileReference; lastKnownFileType = file.storyboard; name = Base; path = Base.lproj/Main.storyboard; sourceTree = "<group>"; };
		92434C711F20AA4100B084CE /* Assets.xcassets */ = {isa = PBXFileReference; lastKnownFileType = folder.assetcatalog; path = Assets.xcassets; sourceTree = "<group>"; };
		92434C741F20AA4100B084CE /* Base */ = {isa = PBXFileReference; lastKnownFileType = file.storyboard; name = Base; path = Base.lproj/LaunchScreen.storyboard; sourceTree = "<group>"; };
		92434C761F20AA4100B084CE /* Info.plist */ = {isa = PBXFileReference; lastKnownFileType = text.plist.xml; path = Info.plist; sourceTree = "<group>"; };
		92434C771F20AA4100B084CE /* main.m */ = {isa = PBXFileReference; lastKnownFileType = sourcecode.c.objc; path = main.m; sourceTree = "<group>"; };
		92434C881F20B6C300B084CE /* iAppUpdateManager.h */ = {isa = PBXFileReference; lastKnownFileType = sourcecode.c.h; path = iAppUpdateManager.h; sourceTree = "<group>"; };
		92434C891F20B6C300B084CE /* iAppUpdateManager.m */ = {isa = PBXFileReference; lastKnownFileType = sourcecode.c.objc; path = iAppUpdateManager.m; sourceTree = "<group>"; };
/* End PBXFileReference section */

/* Begin PBXFrameworksBuildPhase section */
		92434C621F20AA4100B084CE /* Frameworks */ = {
			isa = PBXFrameworksBuildPhase;
			buildActionMask = 2147483647;
			files = (
			);
			runOnlyForDeploymentPostprocessing = 0;
		};
/* End PBXFrameworksBuildPhase section */

/* Begin PBXGroup section */
		92434C5C1F20AA4100B084CE = {
			isa = PBXGroup;
			children = (
				92434C671F20AA4100B084CE /* iAppUpdateManager */,
				92434C661F20AA4100B084CE /* Products */,
			);
			sourceTree = "<group>";
		};
		92434C661F20AA4100B084CE /* Products */ = {
			isa = PBXGroup;
			children = (
				92434C651F20AA4100B084CE /* iAppUpdateManager.app */,
			);
			name = Products;
			sourceTree = "<group>";
		};
		92434C671F20AA4100B084CE /* iAppUpdateManager */ = {
			isa = PBXGroup;
			children = (
				92434C681F20AA4100B084CE /* AppDelegate.h */,
				92434C691F20AA4100B084CE /* AppDelegate.m */,
				92434C6B1F20AA4100B084CE /* ViewController.h */,
				92434C6C1F20AA4100B084CE /* ViewController.m */,
				92434C881F20B6C300B084CE /* iAppUpdateManager.h */,
				92434C891F20B6C300B084CE /* iAppUpdateManager.m */,
				92434C6E1F20AA4100B084CE /* Main.storyboard */,
				92434C711F20AA4100B084CE /* Assets.xcassets */,
				92434C731F20AA4100B084CE /* LaunchScreen.storyboard */,
				92434C761F20AA4100B084CE /* Info.plist */,
				92434C771F20AA4100B084CE /* main.m */,
			);
			path = iAppUpdateManager;
			sourceTree = "<group>";
		};
/* End PBXGroup section */

/* Begin PBXNativeTarget section */
		92434C641F20AA4100B084CE /* iAppUpdateManager */ = {
			isa = PBXNativeTarget;
			buildConfigurationList = 92434C7B1F20AA4100B084CE /* Build configuration list for PBXNativeTarget "iAppUpdateManager" */;
			buildPhases = (
				92434C611F20AA4100B084CE /* Sources */,
				92434C621F20AA4100B084CE /* Frameworks */,
				92434C631F20AA4100B084CE /* Resources */,
			);
			buildRules = (
			);
			dependencies = (
			);
			name = iAppUpdateManager;
			productName = iAppUpdateManager;
			productReference = 92434C651F20AA4100B084CE /* iAppUpdateManager.app */;
			productType = "com.apple.product-type.application";
		};
/* End PBXNativeTarget section */

/* Begin PBXProject section */
		92434C5D1F20AA4100B084CE /* Project object */ = {
			isa = PBXProject;
			attributes = {
				LastUpgradeCheck = 0900;
				ORGANIZATIONNAME = Yaash;
				TargetAttributes = {
					92434C641F20AA4100B084CE = {
						CreatedOnToolsVersion = 9.0;
						ProvisioningStyle = Manual;
					};
				};
			};
			buildConfigurationList = 92434C601F20AA4100B084CE /* Build configuration list for PBXProject "iAppUpdateManager" */;
			compatibilityVersion = "Xcode 8.0";
			developmentRegion = en;
			hasScannedForEncodings = 0;
			knownRegions = (
				en,
				Base,
			);
			mainGroup = 92434C5C1F20AA4100B084CE;
			productRefGroup = 92434C661F20AA4100B084CE /* Products */;
			projectDirPath = "";
			projectRoot = "";
			targets = (
				92434C641F20AA4100B084CE /* iAppUpdateManager */,
			);
		};
/* End PBXProject section */

/* Begin PBXResourcesBuildPhase section */
		92434C631F20AA4100B084CE /* Resources */ = {
			isa = PBXResourcesBuildPhase;
			buildActionMask = 2147483647;
			files = (
				92434C751F20AA4100B084CE /* LaunchScreen.storyboard in Resources */,
				92434C721F20AA4100B084CE /* Assets.xcassets in Resources */,
				92434C701F20AA4100B084CE /* Main.storyboard in Resources */,
			);
			runOnlyForDeploymentPostprocessing = 0;
		};
/* End PBXResourcesBuildPhase section */

/* Begin PBXSourcesBuildPhase section */
		92434C611F20AA4100B084CE /* Sources */ = {
			isa = PBXSourcesBuildPhase;
			buildActionMask = 2147483647;
			files = (
				92434C6D1F20AA4100B084CE /* ViewController.m in Sources */,
				92434C8A1F20B6C300B084CE /* iAppUpdateManager.m in Sources */,
				92434C781F20AA4100B084CE /* main.m in Sources */,
				92434C6A1F20AA4100B084CE /* AppDelegate.m in Sources */,
			);
			runOnlyForDeploymentPostprocessing = 0;
		};
/* End PBXSourcesBuildPhase section */

/* Begin PBXVariantGroup section */
		92434C6E1F20AA4100B084CE /* Main.storyboard */ = {
			isa = PBXVariantGroup;
			children = (
				92434C6F1F20AA4100B084CE /* Base */,
			);
			name = Main.storyboard;
			sourceTree = "<group>";
		};
		92434C731F20AA4100B084CE /* LaunchScreen.storyboard */ = {
			isa = PBXVariantGroup;
			children = (
				92434C741F20AA4100B084CE /* Base */,
			);
			name = LaunchScreen.storyboard;
			sourceTree = "<group>";
		};
/* End PBXVariantGroup section */

/* Begin XCBuildConfiguration section */
		92434C791F20AA4100B084CE /* Debug */ = {
			isa = XCBuildConfiguration;
			buildSettings = {
				ALWAYS_SEARCH_USER_PATHS = NO;
				CLANG_ANALYZER_NONNULL = YES;
				CLANG_ANALYZER_NUMBER_OBJECT_CONVERSION = YES_AGGRESSIVE;
				CLANG_CXX_LANGUAGE_STANDARD = "gnu++14";
				CLANG_CXX_LIBRARY = "libc++";
				CLANG_ENABLE_MODULES = YES;
				CLANG_ENABLE_OBJC_ARC = YES;
				CLANG_WARN_BLOCK_CAPTURE_AUTORELEASING = YES;
				CLANG_WARN_BOOL_CONVERSION = YES;
				CLANG_WARN_COMMA = YES;
				CLANG_WARN_CONSTANT_CONVERSION = YES;
				CLANG_WARN_DIRECT_OBJC_ISA_USAGE = YES_ERROR;
				CLANG_WARN_DOCUMENTATION_COMMENTS = YES;
				CLANG_WARN_EMPTY_BODY = YES;
				CLANG_WARN_ENUM_CONVERSION = YES;
				CLANG_WARN_INFINITE_RECURSION = YES;
				CLANG_WARN_INT_CONVERSION = YES;
				CLANG_WARN_NON_LITERAL_NULL_CONVERSION = YES;
				CLANG_WARN_OBJC_LITERAL_CONVERSION = YES;
				CLANG_WARN_OBJC_ROOT_CLASS = YES_ERROR;
				CLANG_WARN_RANGE_LOOP_ANALYSIS = YES;
				CLANG_WARN_STRICT_PROTOTYPES = YES;
				CLANG_WARN_SUSPICIOUS_MOVE = YES;
				CLANG_WARN_UNGUARDED_AVAILABILITY = YES_AGGRESSIVE;
				CLANG_WARN_UNREACHABLE_CODE = YES;
				CLANG_WARN__DUPLICATE_METHOD_MATCH = YES;
				CODE_SIGN_IDENTITY = "iPhone Developer";
				COPY_PHASE_STRIP = NO;
				DEBUG_INFORMATION_FORMAT = dwarf;
				ENABLE_STRICT_OBJC_MSGSEND = YES;
				ENABLE_TESTABILITY = YES;
				GCC_C_LANGUAGE_STANDARD = gnu11;
				GCC_DYNAMIC_NO_PIC = NO;
				GCC_NO_COMMON_BLOCKS = YES;
				GCC_OPTIMIZATION_LEVEL = 0;
				GCC_PREPROCESSOR_DEFINITIONS = (
					"DEBUG=1",
					"$(inherited)",
				);
				GCC_WARN_64_TO_32_BIT_CONVERSION = YES;
				GCC_WARN_ABOUT_RETURN_TYPE = YES_ERROR;
				GCC_WARN_UNDECLARED_SELECTOR = YES;
				GCC_WARN_UNINITIALIZED_AUTOS = YES_AGGRESSIVE;
				GCC_WARN_UNUSED_FUNCTION = YES;
				GCC_WARN_UNUSED_VARIABLE = YES;
				IPHONEOS_DEPLOYMENT_TARGET = 11.0;
				MTL_ENABLE_DEBUG_INFO = YES;
				ONLY_ACTIVE_ARCH = YES;
				SDKROOT = iphoneos;
			};
			name = Debug;
		};
		92434C7A1F20AA4100B084CE /* Release */ = {
			isa = XCBuildConfiguration;
			buildSettings = {
				ALWAYS_SEARCH_USER_PATHS = NO;
				CLANG_ANALYZER_NONNULL = YES;
				CLANG_ANALYZER_NUMBER_OBJECT_CONVERSION = YES_AGGRESSIVE;
				CLANG_CXX_LANGUAGE_STANDARD = "gnu++14";
				CLANG_CXX_LIBRARY = "libc++";
				CLANG_ENABLE_MODULES = YES;
				CLANG_ENABLE_OBJC_ARC = YES;
				CLANG_WARN_BLOCK_CAPTURE_AUTORELEASING = YES;
				CLANG_WARN_BOOL_CONVERSION = YES;
				CLANG_WARN_COMMA = YES;
				CLANG_WARN_CONSTANT_CONVERSION = YES;
				CLANG_WARN_DIRECT_OBJC_ISA_USAGE = YES_ERROR;
				CLANG_WARN_DOCUMENTATION_COMMENTS = YES;
				CLANG_WARN_EMPTY_BODY = YES;
				CLANG_WARN_ENUM_CONVERSION = YES;
				CLANG_WARN_INFINITE_RECURSION = YES;
				CLANG_WARN_INT_CONVERSION = YES;
				CLANG_WARN_NON_LITERAL_NULL_CONVERSION = YES;
				CLANG_WARN_OBJC_LITERAL_CONVERSION = YES;
				CLANG_WARN_OBJC_ROOT_CLASS = YES_ERROR;
				CLANG_WARN_RANGE_LOOP_ANALYSIS = YES;
				CLANG_WARN_STRICT_PROTOTYPES = YES;
				CLANG_WARN_SUSPICIOUS_MOVE = YES;
				CLANG_WARN_UNGUARDED_AVAILABILITY = YES_AGGRESSIVE;
				CLANG_WARN_UNREACHABLE_CODE = YES;
				CLANG_WARN__DUPLICATE_METHOD_MATCH = YES;
				CODE_SIGN_IDENTITY = "iPhone Developer";
				COPY_PHASE_STRIP = NO;
				DEBUG_INFORMATION_FORMAT = "dwarf-with-dsym";
				ENABLE_NS_ASSERTIONS = NO;
				ENABLE_STRICT_OBJC_MSGSEND = YES;
				GCC_C_LANGUAGE_STANDARD = gnu11;
				GCC_NO_COMMON_BLOCKS = YES;
				GCC_WARN_64_TO_32_BIT_CONVERSION = YES;
				GCC_WARN_ABOUT_RETURN_TYPE = YES_ERROR;
				GCC_WARN_UNDECLARED_SELECTOR = YES;
				GCC_WARN_UNINITIALIZED_AUTOS = YES_AGGRESSIVE;
				GCC_WARN_UNUSED_FUNCTION = YES;
				GCC_WARN_UNUSED_VARIABLE = YES;
				IPHONEOS_DEPLOYMENT_TARGET = 11.0;
				MTL_ENABLE_DEBUG_INFO = NO;
				SDKROOT = iphoneos;
				VALIDATE_PRODUCT = YES;
			};
			name = Release;
		};
		92434C7C1F20AA4100B084CE /* Debug */ = {
			isa = XCBuildConfiguration;
			buildSettings = {
				ASSETCATALOG_COMPILER_APPICON_NAME = AppIcon;
				CODE_SIGN_STYLE = Manual;
				DEVELOPMENT_TEAM = RDBAA992Q3;
				INFOPLIST_FILE = iAppUpdateManager/Info.plist;
				IPHONEOS_DEPLOYMENT_TARGET = 8.0;
				LD_RUNPATH_SEARCH_PATHS = "$(inherited) @executable_path/Frameworks";
				PRODUCT_BUNDLE_IDENTIFIER = com.yaash.iAppUpdateManager;
				PRODUCT_NAME = "$(TARGET_NAME)";
				PROVISIONING_PROFILE = "c52a5ce2-f77c-4606-9ad4-3021bcce0a2a";
				PROVISIONING_PROFILE_SPECIFIER = WildCard;
				TARGETED_DEVICE_FAMILY = "1,2";
			};
			name = Debug;
		};
		92434C7D1F20AA4100B084CE /* Release */ = {
			isa = XCBuildConfiguration;
			buildSettings = {
				ASSETCATALOG_COMPILER_APPICON_NAME = AppIcon;
				CODE_SIGN_STYLE = Manual;
				DEVELOPMENT_TEAM = RDBAA992Q3;
				INFOPLIST_FILE = iAppUpdateManager/Info.plist;
				IPHONEOS_DEPLOYMENT_TARGET = 8.0;
				LD_RUNPATH_SEARCH_PATHS = "$(inherited) @executable_path/Frameworks";
				PRODUCT_BUNDLE_IDENTIFIER = com.yaash.iAppUpdateManager;
				PRODUCT_NAME = "$(TARGET_NAME)";
				PROVISIONING_PROFILE = "c52a5ce2-f77c-4606-9ad4-3021bcce0a2a";
				PROVISIONING_PROFILE_SPECIFIER = WildCard;
				TARGETED_DEVICE_FAMILY = "1,2";
			};
			name = Release;
		};
/* End XCBuildConfiguration section */

/* Begin XCConfigurationList section */
		92434C601F20AA4100B084CE /* Build configuration list for PBXProject "iAppUpdateManager" */ = {
			isa = XCConfigurationList;
			buildConfigurations = (
				92434C791F20AA4100B084CE /* Debug */,
				92434C7A1F20AA4100B084CE /* Release */,
			);
			defaultConfigurationIsVisible = 0;
			defaultConfigurationName = Release;
		};
		92434C7B1F20AA4100B084CE /* Build configuration list for PBXNativeTarget "iAppUpdateManager" */ = {
			isa = XCConfigurationList;
			buildConfigurations = (
				92434C7C1F20AA4100B084CE /* Debug */,
				92434C7D1F20AA4100B084CE /* Release */,
			);
			defaultConfigurationIsVisible = 0;
			defaultConfigurationName = Release;
		};
/* End XCConfigurationList section */
	};
	rootObject = 92434C5D1F20AA4100B084CE /* Project object */;
}
